{"SurveyEntry":{"SurveyID":"SV_3lzzyiZfCOANYLY","SurveyName":"Network Survey","SurveyDescription":null,"SurveyOwnerID":"UR_d59q7qXKTCNQFnL","SurveyBrandID":"insead","DivisionID":null,"SurveyLanguage":"EN","SurveyActiveResponseSet":"RS_eDHoL2GSLPR0LLU","SurveyStatus":"Active","SurveyStartDate":"0000-00-00 00:00:00","SurveyExpirationDate":"0000-00-00 00:00:00","SurveyCreationDate":"2021-01-30 06:40:19","CreatorID":"UR_d59q7qXKTCNQFnL","LastModified":"2021-02-25 00:04:33","LastAccessed":"0000-00-00 00:00:00","LastActivated":"2021-02-01 02:28:57","Deleted":null},"SurveyElements":[{"SurveyID":"SV_3lzzyiZfCOANYLY","Element":"BL","PrimaryAttribute":"Survey Blocks","SecondaryAttribute":null,"TertiaryAttribute":null,"Payload":[{"Type":"Default","Description":"Default Question Block","ID":"BL_0SXyZUdZpcNPIaO","BlockElements":[{"Type":"Question","QuestionID":"QID6"},{"Type":"Question","QuestionID":"QID7"},{"Type":"Question","QuestionID":"QID5"},{"Type":"Question","QuestionID":"QID1"},{"Type":"Page Break"},{"Type":"Question","QuestionID":"QID2"}],"Options":{"BlockLocking":"false","RandomizeQuestions":"false","BlockVisibility":"Expanded"}},{"Type":"Trash","Description":"Trash \/ Unused Questions","ID":"BL_6Aofzbjg12w4GLs","BlockElements":[{"Type":"Question","QuestionID":"QID3"},{"Type":"Question","QuestionID":"QID4"}]}]},{"SurveyID":"SV_3lzzyiZfCOANYLY","Element":"FL","PrimaryAttribute":"Survey Flow","SecondaryAttribute":null,"TertiaryAttribute":null,"Payload":{"Type":"Root","FlowID":"FL_1","Flow":[{"Type":"EmbeddedData","FlowID":"FL_4","EmbeddedData":[{"Description":"FullName","Type":"Recipient","Field":"FullName","VariableType":"String","DataVisibility":[],"AnalyzeText":false},{"Description":"NodeID","Type":"Recipient","Field":"NodeID","VariableType":"String","DataVisibility":[],"AnalyzeText":false}]},{"Type":"Block","ID":"BL_0SXyZUdZpcNPIaO","FlowID":"FL_2","Autofill":[]}],"Properties":{"Count":4,"RemovedFieldsets":[]}}},{"SurveyID":"SV_3lzzyiZfCOANYLY","Element":"SO","PrimaryAttribute":"Survey Options","SecondaryAttribute":null,"TertiaryAttribute":null,"Payload":{"BackButton":"false","SaveAndContinue":"true","SurveyProtection":"PublicSurvey","BallotBoxStuffingPrevention":"false","NoIndex":"Yes","SecureResponseFiles":"true","SurveyExpiration":"None","SurveyTermination":"DefaultMessage","Header":"","Footer":"","ProgressBarDisplay":"None","PartialData":"+1 week","ValidationMessage":"","PreviousButton":" \u2190 ","NextButton":" \u2192 ","SurveyTitle":"Online Survey Software | Qualtrics Survey Solutions","SkinLibrary":"insead","SkinType":"MQ","Skin":"insead4_2018_header","NewScoring":1,"ProtectSelectionIds":true}},{"SurveyID":"SV_3lzzyiZfCOANYLY","Element":"SCO","PrimaryAttribute":"Scoring","SecondaryAttribute":null,"TertiaryAttribute":null,"Payload":{"ScoringCategories":[],"ScoringCategoryGroups":[],"ScoringSummaryCategory":null,"ScoringSummaryAfterQuestions":0,"ScoringSummaryAfterSurvey":0,"DefaultScoringCategory":null,"AutoScoringCategory":null}},{"SurveyID":"SV_3lzzyiZfCOANYLY","Element":"PROJ","PrimaryAttribute":"CORE","SecondaryAttribute":null,"TertiaryAttribute":"1.1.0","Payload":{"ProjectCategory":"CORE","SchemaVersion":"1.1.0"}},{"SurveyID":"SV_3lzzyiZfCOANYLY","Element":"STAT","PrimaryAttribute":"Survey Statistics","SecondaryAttribute":null,"TertiaryAttribute":null,"Payload":{"MobileCompatible":true,"ID":"Survey Statistics"}},{"SurveyID":"SV_3lzzyiZfCOANYLY","Element":"QC","PrimaryAttribute":"Survey Question Count","SecondaryAttribute":"7","TertiaryAttribute":null,"Payload":null},{"SurveyID":"SV_3lzzyiZfCOANYLY","Element":"SQ","PrimaryAttribute":"QID3","SecondaryAttribute":"Click to write the question text","TertiaryAttribute":null,"Payload":{"QuestionText":"Click to write the question text","DataExportTag":"Q3","QuestionType":"MC","Selector":"SAVR","SubSelector":"TX","Configuration":{"QuestionDescriptionOption":"UseText"},"QuestionDescription":"Click to write the question text","Choices":{"1":{"Display":"Click to write Choice 1"},"2":{"Display":"Click to write Choice 2"},"3":{"Display":"Click to write Choice 3"}},"ChoiceOrder":["1","2","3"],"Validation":{"Settings":{"ForceResponse":"OFF","ForceResponseType":"ON","Type":"None"}},"Language":[],"NextChoiceId":4,"NextAnswerId":1,"QuestionID":"QID3"}},{"SurveyID":"SV_3lzzyiZfCOANYLY","Element":"RS","PrimaryAttribute":"RS_eDHoL2GSLPR0LLU","SecondaryAttribute":"Default Response Set","TertiaryAttribute":null,"Payload":null},{"SurveyID":"SV_3lzzyiZfCOANYLY","Element":"SQ","PrimaryAttribute":"QID6","SecondaryAttribute":"First Name","TertiaryAttribute":null,"Payload":{"QuestionText":"First Name","DefaultChoices":false,"DataExportTag":"firstname","QuestionID":"QID6","QuestionType":"TE","Selector":"SL","DataVisibility":{"Private":false,"Hidden":false},"Configuration":{"QuestionDescriptionOption":"UseText"},"QuestionDescription":"First Name","Validation":{"Settings":{"ForceResponse":"OFF","ForceResponseType":"ON","Type":"None"}},"GradingData":[],"Language":[],"NextChoiceId":4,"NextAnswerId":1,"SearchSource":{"AllowFreeResponse":"false"}}},{"SurveyID":"SV_3lzzyiZfCOANYLY","Element":"SQ","PrimaryAttribute":"QID4","SecondaryAttribute":"FN: ${m:\/\/FirstName} LN: ${m:\/\/LastName} E: ${m:\/\/Email1} ID ED:\u00a0${e:\/\/Field\/NodeID} ID Panel:\u00a0...","TertiaryAttribute":null,"Payload":{"QuestionText":"<div>FN: ${m:\/\/FirstName}<\/div><div>LN: ${m:\/\/LastName}<\/div><div>E: ${m:\/\/Email1}<\/div><div>ID ED:&nbsp;${e:\/\/Field\/NodeID}<\/div><div>ID Panel:&nbsp;${m:\/\/NodeID}<br><div>Full ED: ${e:\/\/Field\/FullName}<\/div><div>Full Panel: ${m:\/\/FullName}<\/div><\/div>","DefaultChoices":false,"DataExportTag":"Q4","QuestionID":"QID4","QuestionType":"DB","Selector":"TB","DataVisibility":{"Private":false,"Hidden":false},"Configuration":{"QuestionDescriptionOption":"UseText"},"QuestionDescription":"FN: ${m:\/\/FirstName} LN: ${m:\/\/LastName} E: ${m:\/\/Email1} ID ED:\u00a0${e:\/\/Field\/NodeID} ID Panel:\u00a0...","ChoiceOrder":[],"Validation":{"Settings":{"Type":"None"}},"GradingData":[],"Language":[],"NextChoiceId":4,"NextAnswerId":1}},{"SurveyID":"SV_3lzzyiZfCOANYLY","Element":"SQ","PrimaryAttribute":"QID7","SecondaryAttribute":"Last Name","TertiaryAttribute":null,"Payload":{"QuestionText":"Last Name","DefaultChoices":false,"DataExportTag":"lastname","QuestionType":"TE","Selector":"SL","Configuration":{"QuestionDescriptionOption":"UseText"},"QuestionDescription":"Last Name","Validation":{"Settings":{"ForceResponse":"OFF","ForceResponseType":"ON","Type":"None"}},"GradingData":[],"Language":[],"NextChoiceId":4,"NextAnswerId":1,"SearchSource":{"AllowFreeResponse":"false"},"QuestionID":"QID7"}},{"SurveyID":"SV_3lzzyiZfCOANYLY","Element":"SQ","PrimaryAttribute":"QID1","SecondaryAttribute":"Please select anyone that you've turned to for\u00a0advice\u00a0or for\u00a0support:","TertiaryAttribute":null,"Payload":{"QuestionText":"Please select anyone that you've turned to for&nbsp;<u><strong>advice<\/strong><\/u>&nbsp;or for&nbsp;<u><strong>support<\/strong><\/u>:","DefaultChoices":false,"DataExportTag":"network","QuestionID":"QID1","QuestionType":"Matrix","Selector":"Likert","SubSelector":"MultipleAnswer","DataVisibility":{"Private":false,"Hidden":false},"Configuration":{"QuestionDescriptionOption":"UseText","TextPosition":"inline","ChoiceColumnWidth":25,"RepeatHeaders":"middle","WhiteSpace":"OFF","MobileFirst":true},"QuestionDescription":"Please select anyone that you've turned to for\u00a0advice\u00a0or for\u00a0support:","Choices":{"1":{"Display":"1 ZKC"},"2":{"Display":"2 ZKC"},"3":{"Display":"3 ZKC"},"4":{"Display":"4 ZKC"},"5":{"Display":"5 ZKC"},"6":{"Display":"6 ZKC"},"7":{"Display":"7 ZKC"},"8":{"Display":"8 ZKC"},"9":{"Display":"9 ZKC"},"10":{"Display":"10 ZKC"},"11":{"Display":"11 ZKC"},"12":{"Display":"12 ZKC"},"13":{"Display":"13 ZKC"},"14":{"Display":"14 ZKC"},"15":{"Display":"15 ZKC"},"16":{"Display":"16 ZKC"},"17":{"Display":"17 ZKC"},"18":{"Display":"18 ZKC"},"19":{"Display":"19 ZKC"},"20":{"Display":"20 ZKC"},"21":{"Display":"21 ZKC"},"22":{"Display":"22 ZKC"},"23":{"Display":"23 ZKC"},"24":{"Display":"24 ZKC"},"25":{"Display":"25 ZKC"},"26":{"Display":"26 ZKC"},"27":{"Display":"27 ZKC"},"28":{"Display":"28 ZKC"},"29":{"Display":"29 ZKC"},"30":{"Display":"30 ZKC"},"31":{"Display":"31 ZKC"},"32":{"Display":"32 ZKC"},"33":{"Display":"33 ZKC"},"34":{"Display":"34 ZKC"}},"ChoiceOrder":[1,2,3,4,5,6,7,8,9,10,11,12,13,14,15,16,17,18,19,20,21,22,23,24,25,26,27,28,29,30,31,32,33,34],"Validation":{"Settings":{"ForceResponse":"RequestResponse","ForceResponseType":"RequestResponse","Type":"None"}},"GradingData":[],"Language":[],"NextChoiceId":35,"NextAnswerId":3,"Answers":{"1":{"Display":"Advice"},"2":{"Display":"Support"}},"AnswerOrder":[1,2],"ChoiceDataExportTags":false}},{"SurveyID":"SV_3lzzyiZfCOANYLY","Element":"SQ","PrimaryAttribute":"QID5","SecondaryAttribute":"The goal of this survey is to provide a hands-on experience with social network analysis by creat...","TertiaryAttribute":null,"Payload":{"QuestionText":"The goal of this survey is to provide a hands-on experience with social network analysis by creating a map of your section&#39;s social network. It will take just a few minutes to fill out. We will ask you about two kinds of relationships that you have with your classmates:\n<div>\n<div>&nbsp;<\/div>\n\n<div><u><strong>Advice<\/strong><\/u>: During your time in the program, is there anyone in the section from whom you have regularly sought information and advice?<\/div>\n\n<div>&nbsp;<\/div>\n\n<div><u><strong>Support<\/strong><\/u>: During your time in the program, is there anyone in the section whom you regard as a source of social support&ndash;that is, someone with whom you are comfortable discussing sensitive matters?<\/div>\n<\/div>\n\n<div>&nbsp;<\/div>\n\n<div><strong>This information will not be shared with anyone outside of the section and your personal responses will be kept anonymous&ndash;unless you are willing to have your name appear on the network map (see below).<\/strong><\/div>","DefaultChoices":false,"DataExportTag":"description","QuestionType":"DB","Selector":"TB","Configuration":{"QuestionDescriptionOption":"UseText"},"QuestionDescription":"The goal of this survey is to provide a hands-on experience with social network analysis by creat...","ChoiceOrder":[],"Validation":{"Settings":{"Type":"None"}},"GradingData":[],"Language":[],"NextChoiceId":4,"NextAnswerId":1,"QuestionID":"QID5","DataVisibility":{"Private":false,"Hidden":false}}},{"SurveyID":"SV_3lzzyiZfCOANYLY","Element":"SQ","PrimaryAttribute":"QID2","SecondaryAttribute":"When I discuss this network in class, I may want to highlight the positions of a few individual s...","TertiaryAttribute":null,"Payload":{"QuestionText":"<img src=\"https:\/\/insead.eu.qualtrics.com\/CP\/Graphic.php?IM=IM_0whuMl0pXM5Emma\" style=\"width: 400px; height: 288px;\"><br>\n<br>\nWhen I discuss this network in class, I may want to highlight the positions of a few individual students in the network.<div><br><\/div><div>Do you agree to let your name appear on the network map (this is 100% optional, of course)?\n<div>&nbsp;<\/div><\/div>","DataExportTag":"consent","QuestionType":"MC","Selector":"SAVR","SubSelector":"TX","Configuration":{"QuestionDescriptionOption":"UseText"},"QuestionDescription":"When I discuss this network in class, I may want to highlight the positions of a few individual s...","Choices":{"1":{"Display":"I agree"},"2":{"Display":"I do not agree"}},"ChoiceOrder":["1","2"],"Validation":{"Settings":{"ForceResponse":"ON","ForceResponseType":"ON","Type":"None"}},"Language":[],"NextChoiceId":4,"NextAnswerId":1,"QuestionID":"QID2","DataVisibility":{"Private":false,"Hidden":false}}}]}
