{"SurveyEntry":{"SurveyID":"SV_3lzzyiZfCOANYLY","SurveyName":"Network Survey","SurveyDescription":null,"SurveyOwnerID":"UR_d59q7qXKTCNQFnL","SurveyBrandID":"insead","DivisionID":null,"SurveyLanguage":"EN","SurveyActiveResponseSet":"RS_eDHoL2GSLPR0LLU","SurveyStatus":"Active","SurveyStartDate":"0000-00-00 00:00:00","SurveyExpirationDate":"0000-00-00 00:00:00","SurveyCreationDate":"2021-01-30 06:40:19","CreatorID":"UR_d59q7qXKTCNQFnL","LastModified":"2021-02-28 21:16:00","LastAccessed":"0000-00-00 00:00:00","LastActivated":"2021-02-01 02:28:57","Deleted":null},"SurveyElements":[{"SurveyID":"SV_3lzzyiZfCOANYLY","Element":"BL","PrimaryAttribute":"Survey Blocks","SecondaryAttribute":null,"TertiaryAttribute":null,"Payload":[{"Type":"Default","Description":"Default Question Block","ID":"BL_0SXyZUdZpcNPIaO","BlockElements":[{"Type":"Question","QuestionID":"QID6"},{"Type":"Question","QuestionID":"QID7"},{"Type":"Question","QuestionID":"QID5"},{"Type":"Question","QuestionID":"QID1"},{"Type":"Page Break"},{"Type":"Question","QuestionID":"QID2"}],"Options":{"BlockLocking":"false","RandomizeQuestions":"false","BlockVisibility":"Expanded"}},{"Type":"Trash","Description":"Trash \/ Unused Questions","ID":"BL_6Aofzbjg12w4GLs","BlockElements":[]}]},{"SurveyID":"SV_3lzzyiZfCOANYLY","Element":"FL","PrimaryAttribute":"Survey Flow","SecondaryAttribute":null,"TertiaryAttribute":null,"Payload":{"Type":"Root","FlowID":"FL_1","Flow":[{"Type":"EmbeddedData","FlowID":"FL_4","EmbeddedData":[{"Description":"FullName","Type":"Recipient","Field":"FullName","VariableType":"String","DataVisibility":[],"AnalyzeText":false},{"Description":"NodeID","Type":"Recipient","Field":"NodeID","VariableType":"String","DataVisibility":[],"AnalyzeText":false}]},{"Type":"Block","ID":"BL_0SXyZUdZpcNPIaO","FlowID":"FL_2","Autofill":[]}],"Properties":{"Count":4,"RemovedFieldsets":[]}}},{"SurveyID":"SV_3lzzyiZfCOANYLY","Element":"SO","PrimaryAttribute":"Survey Options","SecondaryAttribute":null,"TertiaryAttribute":null,"Payload":{"BackButton":"false","SaveAndContinue":"true","SurveyProtection":"PublicSurvey","BallotBoxStuffingPrevention":"false","NoIndex":"Yes","SecureResponseFiles":"true","SurveyExpiration":"None","SurveyTermination":"DefaultMessage","Header":"","Footer":"","ProgressBarDisplay":"None","PartialData":"+1 week","ValidationMessage":"","PreviousButton":" \u2190 ","NextButton":" \u2192 ","SurveyTitle":"Online Survey Software | Qualtrics Survey Solutions","SkinLibrary":"insead","SkinType":"MQ","Skin":"insead4_2018_header","NewScoring":1,"ProtectSelectionIds":true}},{"SurveyID":"SV_3lzzyiZfCOANYLY","Element":"SCO","PrimaryAttribute":"Scoring","SecondaryAttribute":null,"TertiaryAttribute":null,"Payload":{"ScoringCategories":[],"ScoringCategoryGroups":[],"ScoringSummaryCategory":null,"ScoringSummaryAfterQuestions":0,"ScoringSummaryAfterSurvey":0,"DefaultScoringCategory":null,"AutoScoringCategory":null}},{"SurveyID":"SV_3lzzyiZfCOANYLY","Element":"PROJ","PrimaryAttribute":"CORE","SecondaryAttribute":null,"TertiaryAttribute":"1.1.0","Payload":{"ProjectCategory":"CORE","SchemaVersion":"1.1.0"}},{"SurveyID":"SV_3lzzyiZfCOANYLY","Element":"STAT","PrimaryAttribute":"Survey Statistics","SecondaryAttribute":null,"TertiaryAttribute":null,"Payload":{"MobileCompatible":true,"ID":"Survey Statistics"}},{"SurveyID":"SV_3lzzyiZfCOANYLY","Element":"QC","PrimaryAttribute":"Survey Question Count","SecondaryAttribute":"7","TertiaryAttribute":null,"Payload":null},{"SurveyID":"SV_3lzzyiZfCOANYLY","Element":"RS","PrimaryAttribute":"RS_eDHoL2GSLPR0LLU","SecondaryAttribute":"Default Response Set","TertiaryAttribute":null,"Payload":null},{"SurveyID":"SV_3lzzyiZfCOANYLY","Element":"SQ","PrimaryAttribute":"QID6","SecondaryAttribute":"First Name","TertiaryAttribute":null,"Payload":{"QuestionText":"First Name","DefaultChoices":false,"DataExportTag":"firstname","QuestionID":"QID6","QuestionType":"TE","Selector":"SL","DataVisibility":{"Private":false,"Hidden":false},"Configuration":{"QuestionDescriptionOption":"UseText"},"QuestionDescription":"First Name","Validation":{"Settings":{"ForceResponse":"OFF","ForceResponseType":"ON","Type":"None"}},"GradingData":[],"Language":[],"NextChoiceId":4,"NextAnswerId":1,"SearchSource":{"AllowFreeResponse":"false"}}},{"SurveyID":"SV_3lzzyiZfCOANYLY","Element":"SQ","PrimaryAttribute":"QID7","SecondaryAttribute":"Last Name","TertiaryAttribute":null,"Payload":{"QuestionText":"Last Name","DefaultChoices":false,"DataExportTag":"lastname","QuestionType":"TE","Selector":"SL","Configuration":{"QuestionDescriptionOption":"UseText"},"QuestionDescription":"Last Name","Validation":{"Settings":{"ForceResponse":"OFF","ForceResponseType":"ON","Type":"None"}},"GradingData":[],"Language":[],"NextChoiceId":4,"NextAnswerId":1,"SearchSource":{"AllowFreeResponse":"false"},"QuestionID":"QID7"}},{"SurveyID":"SV_3lzzyiZfCOANYLY","Element":"SQ","PrimaryAttribute":"QID1","SecondaryAttribute":"Please select anyone that you've turned to for\u00a0advice\u00a0or for\u00a0support:","TertiaryAttribute":null,"Payload":{"QuestionText":"Please select anyone that you've turned to for&nbsp;<u><strong>advice<\/strong><\/u>&nbsp;or for&nbsp;<u><strong>support<\/strong><\/u>:","DefaultChoices":false,"DataExportTag":"network","QuestionID":"QID1","QuestionType":"Matrix","Selector":"Likert","SubSelector":"MultipleAnswer","DataVisibility":{"Private":false,"Hidden":false},"Configuration":{"QuestionDescriptionOption":"UseText","TextPosition":"inline","ChoiceColumnWidth":25,"RepeatHeaders":"middle","WhiteSpace":"OFF","MobileFirst":true},"QuestionDescription":"Please select anyone that you've turned to for\u00a0advice\u00a0or for\u00a0support:","Choices":{"35":{"Display":"Click to write Statement 1"}},"ChoiceOrder":["35"],"Validation":{"Settings":{"ForceResponse":"RequestResponse","ForceResponseType":"RequestResponse","Type":"None"}},"GradingData":[],"Language":[],"NextChoiceId":36,"NextAnswerId":3,"Answers":{"1":{"Display":"Advice"},"2":{"Display":"Support"}},"AnswerOrder":[1,2],"ChoiceDataExportTags":false}},{"SurveyID":"SV_3lzzyiZfCOANYLY","Element":"SQ","PrimaryAttribute":"QID5","SecondaryAttribute":"The goal of this survey is to provide a hands-on experience with social network analysis by creat...","TertiaryAttribute":null,"Payload":{"QuestionText":"The goal of this survey is to provide a hands-on experience with social network analysis by creating a map of your section's social network. It will take just a few minutes to fill out. We will ask you about two kinds of relationships that you have with your classmates:\n<div>\n<div>&nbsp;<\/div>\n\n<div><u><strong>Advice<\/strong><\/u>: During your time in the program, is there anyone in the section from whom you have regularly sought information and advice?<\/div>\n\n<div>&nbsp;<\/div>\n\n<div><u><strong>Support<\/strong><\/u>: During your time in the program, is there anyone in the section whom you regard as a source of social support\u2013that is, someone with whom you are comfortable discussing sensitive matters?<\/div>\n<\/div>\n\n<div>&nbsp;<\/div>\n\n<div><strong>This information will not be shared with anyone outside of the section and your personal responses will be kept anonymous\u2013unless you are willing to have your name appear on the network map (see below).<\/strong><\/div>","DefaultChoices":false,"DataExportTag":"description","QuestionType":"DB","Selector":"TB","Configuration":{"QuestionDescriptionOption":"UseText"},"QuestionDescription":"The goal of this survey is to provide a hands-on experience with social network analysis by creat...","ChoiceOrder":[],"Validation":{"Settings":{"Type":"None"}},"GradingData":[],"Language":[],"NextChoiceId":4,"NextAnswerId":1,"QuestionID":"QID5","DataVisibility":{"Private":false,"Hidden":false}}},{"SurveyID":"SV_3lzzyiZfCOANYLY","Element":"SQ","PrimaryAttribute":"QID2","SecondaryAttribute":"When I discuss this network in class, I may want to highlight the positions of a few individual s...","TertiaryAttribute":null,"Payload":{"QuestionText":"<img src=\"https:\/\/insead.eu.qualtrics.com\/CP\/Graphic.php?IM=IM_0whuMl0pXM5Emma\" style=\"width: 400px; height: 288px;\"><br>\n<br>\nWhen I discuss this network in class, I may want to highlight the positions of a few individual students in the network.<div><br><\/div><div>Do you agree to let your name appear on the network map (this is 100% optional, of course)?\n<div>&nbsp;<\/div><\/div>","DataExportTag":"consent","QuestionType":"MC","Selector":"SAVR","SubSelector":"TX","Configuration":{"QuestionDescriptionOption":"UseText"},"QuestionDescription":"When I discuss this network in class, I may want to highlight the positions of a few individual s...","Choices":{"1":{"Display":"I agree"},"2":{"Display":"I do not agree"}},"ChoiceOrder":["1","2"],"Validation":{"Settings":{"ForceResponse":"ON","ForceResponseType":"ON","Type":"None"}},"Language":[],"NextChoiceId":4,"NextAnswerId":1,"QuestionID":"QID2","DataVisibility":{"Private":false,"Hidden":false}}}]}