{"SurveyEntry":{"SurveyID":"SV_9vNyuL3DXxPhi3Y","SurveyName":"NS Dev Pseudonym","SurveyDescription":null,"SurveyOwnerID":"UR_d59q7qXKTCNQFnL","SurveyBrandID":"insead","DivisionID":null,"SurveyLanguage":"EN","SurveyActiveResponseSet":"RS_e9aSItoECYj2D1c","SurveyStatus":"Active","SurveyStartDate":"0000-00-00 00:00:00","SurveyExpirationDate":"0000-00-00 00:00:00","SurveyCreationDate":"2021-03-22 23:16:22","CreatorID":"UR_d59q7qXKTCNQFnL","LastModified":"2021-03-30 05:24:41","LastAccessed":"0000-00-00 00:00:00","LastActivated":"2021-03-22 23:49:18","Deleted":null},"SurveyElements":[{"SurveyID":"SV_9vNyuL3DXxPhi3Y","Element":"BL","PrimaryAttribute":"Survey Blocks","SecondaryAttribute":null,"TertiaryAttribute":null,"Payload":[{"Type":"Default","Description":"Default Question Block","ID":"BL_0SXyZUdZpcNPIaO","BlockElements":[{"Type":"Question","QuestionID":"QID9"},{"Type":"Question","QuestionID":"QID6"},{"Type":"Question","QuestionID":"QID7"},{"Type":"Question","QuestionID":"QID5"},{"Type":"Question","QuestionID":"QID1"},{"Type":"Question","QuestionID":"QID10"},{"Type":"Page Break"},{"Type":"Question","QuestionID":"QID8"},{"Type":"Question","QuestionID":"QID2"}],"Options":{"BlockLocking":"false","RandomizeQuestions":"false","BlockVisibility":"Expanded"}},{"Type":"Trash","Description":"Trash \/ Unused Questions","ID":"BL_6Aofzbjg12w4GLs","BlockElements":[]}]},{"SurveyID":"SV_9vNyuL3DXxPhi3Y","Element":"FL","PrimaryAttribute":"Survey Flow","SecondaryAttribute":null,"TertiaryAttribute":null,"Payload":{"Type":"Root","FlowID":"FL_1","Flow":[{"Type":"EmbeddedData","FlowID":"FL_4","EmbeddedData":[{"Description":"FullName","Type":"Recipient","Field":"FullName","VariableType":"String","DataVisibility":[],"AnalyzeText":false},{"Description":"NodeID","Type":"Recipient","Field":"NodeID","VariableType":"String","DataVisibility":[],"AnalyzeText":false},{"Description":"wordlist","Type":"Custom","Field":"wordlist","VariableType":"String","DataVisibility":[],"AnalyzeText":false,"Value":"[\"time\",\"people\",\"year\",\"way\",\"thing\",\"man\",\"day\",\"life\",\"woman\",\"world\",\"child\",\"school\",\"state\",\"family\",\"president\",\"house\",\"student\",\"part\",\"place\",\"problem\",\"country\",\"week\",\"point\",\"hand\",\"group\",\"guy\",\"case\",\"question\",\"work\",\"night\",\"game\",\"number\",\"money\",\"lot\",\"book\",\"system\",\"government\",\"city\",\"company\",\"story\",\"job\",\"friend\",\"word\",\"fact\",\"right\",\"month\",\"program\",\"business\",\"home\",\"kind\",\"study\",\"issue\",\"name\",\"idea\",\"room\",\"percent\",\"law\",\"power\",\"war\",\"head\",\"mother\",\"team\",\"eye\",\"side\",\"water\",\"service\",\"area\",\"person\",\"end\",\"hour\",\"line\",\"girl\",\"father\",\"information\",\"car\",\"minute\",\"party\",\"back\",\"health\",\"reason\",\"member\",\"community\",\"news\",\"body\",\"level\",\"boy\",\"university\",\"change\",\"center\",\"face\",\"food\",\"history\",\"result\",\"morning\",\"parent\",\"office\",\"research\",\"door\",\"court\",\"moment\",\"street\",\"policy\",\"table\",\"care\",\"process\",\"teacher\",\"data\",\"experience\",\"plan\",\"education\",\"age\",\"sense\",\"show\",\"college\",\"music\",\"mind\",\"class\",\"police\",\"use\",\"effect\",\"season\",\"tax\",\"heart\",\"son\",\"art\",\"market\",\"air\",\"force\",\"foot\",\"baby\",\"love\",\"interest\",\"security\",\"control\",\"rate\",\"report\",\"nation\",\"action\",\"wife\",\"decision\",\"value\",\"phone\",\"thanks\",\"event\",\"site\",\"model\",\"relationship\",\"movie\",\"field\",\"player\",\"couple\",\"record\",\"difference\",\"light\",\"development\",\"role\",\"view\",\"price\",\"effort\",\"voice\",\"department\",\"leader\",\"photo\",\"space\",\"project\",\"position\",\"million\",\"film\",\"need\",\"type\",\"town\",\"article\",\"road\",\"form\",\"chance\",\"situation\",\"practice\",\"science\",\"brother\",\"matter\",\"image\",\"star\",\"cost\",\"post\",\"society\",\"picture\",\"piece\",\"paper\",\"energy\",\"building\",\"doctor\",\"activity\",\"media\",\"evidence\",\"product\",\"arm\",\"technology\",\"comment\",\"look\",\"term\",\"choice\",\"source\",\"mom\",\"director\",\"rule\",\"campaign\",\"ground\",\"election\",\"page\",\"test\",\"patient\",\"video\",\"support\",\"rest\",\"step\",\"opportunity\",\"official\",\"oil\",\"call\",\"organization\",\"character\",\"county\",\"future\",\"dad\",\"industry\",\"second\",\"list\",\"stuff\",\"figure\",\"attention\",\"risk\",\"dog\",\"hair\",\"condition\",\"wall\",\"daughter\",\"deal\",\"author\",\"truth\",\"husband\",\"series\",\"order\",\"officer\",\"land\",\"computer\",\"thought\",\"economy\",\"goal\",\"bank\",\"behavior\",\"act\",\"north\",\"blood\",\"culture\",\"top\",\"language\",\"window\",\"response\",\"population\",\"tree\",\"park\",\"worker\",\"earth\",\"cause\",\"race\",\"letter\",\"course\",\"answer\",\"nature\",\"administration\",\"message\",\"song\",\"congress\",\"amount\",\"analysis\",\"store\",\"defense\",\"bill\",\"cell\",\"performance\",\"hospital\",\"bed\",\"board\",\"century\",\"summer\",\"material\",\"individual\",\"example\",\"animal\",\"factor\",\"sir\",\"agency\",\"help\",\"ability\",\"mile\",\"statement\",\"democrat\",\"floor\",\"career\",\"dollar\",\"south\",\"subject\",\"decade\",\"bit\",\"sister\",\"quality\",\"press\",\"sound\",\"plant\",\"movement\",\"scene\",\"section\",\"treatment\",\"benefit\",\"west\",\"candidate\",\"approach\",\"resource\",\"sort\",\"size\",\"knowledge\",\"sport\",\"tv\",\"loss\",\"note\",\"meeting\",\"skill\",\"card\",\"feeling\",\"degree\",\"sign\",\"vote\",\"king\",\"box\",\"lady\",\"design\",\"concern\",\"ball\",\"east\",\"network\",\"success\",\"district\",\"cup\",\"growth\",\"standard\",\"fan\",\"theory\",\"staff\",\"september\",\"set\",\"strategy\",\"property\",\"authority\",\"method\",\"region\",\"impact\",\"committee\",\"dream\",\"training\",\"option\",\"opinion\",\"interview\",\"play\",\"union\",\"professor\",\"pressure\",\"purpose\",\"stage\",\"sun\",\"pain\",\"artist\",\"employee\",\"account\",\"fund\",\"environment\",\"version\",\"shot\",\"reality\",\"club\",\"justice\",\"river\",\"brain\",\"memory\",\"rock\",\"talk\",\"camera\",\"detail\",\"challenge\",\"argument\",\"station\",\"island\",\"discussion\",\"trouble\",\"conversation\",\"date\",\"public\",\"army\",\"charge\",\"seat\",\"writer\",\"credit\",\"marriage\",\"operation\",\"agent\",\"access\",\"bar\",\"debate\",\"leg\",\"glass\",\"trade\",\"review\",\"association\",\"measure\",\"stock\",\"gas\",\"lawyer\",\"production\",\"management\",\"victim\",\"speech\",\"trial\",\"item\",\"weight\",\"citizen\",\"trip\",\"executive\",\"politics\",\"customer\",\"manager\",\"conference\",\"base\",\"direction\",\"sunday\",\"past\",\"majority\",\"peace\",\"dinner\",\"partner\",\"user\",\"bag\",\"owner\",\"voter\",\"tool\",\"june\",\"may\",\"mountain\",\"range\",\"coach\",\"friday\",\"attorney\",\"expert\",\"structure\",\"budget\",\"insurance\",\"text\",\"freedom\",\"reader\",\"style\",\"march\",\"machine\",\"november\",\"generation\",\"income\",\"sea\",\"mouth\",\"web\",\"threat\",\"solution\",\"scientist\",\"investigation\",\"senator\",\"unit\",\"photograph\",\"july\",\"television\",\"radio\",\"senate\",\"feature\",\"audience\",\"evening\",\"hall\",\"task\",\"score\",\"skin\",\"spring\",\"safety\",\"weekend\",\"while\",\"title\",\"heat\",\"hope\",\"yard\",\"finger\",\"mission\",\"participant\",\"hotel\",\"judge\",\"pattern\",\"break\",\"institution\",\"folk\",\"surface\",\"fall\",\"client\",\"edge\",\"council\",\"device\",\"firm\",\"responsibility\",\"chair\",\"internet\",\"october\",\"investment\",\"ship\",\"content\",\"consumer\",\"element\",\"spirit\",\"track\",\"run\",\"wind\",\"lack\",\"journal\",\"ice\",\"collection\",\"soldier\",\"governor\",\"fish\",\"shoulder\",\"saturday\",\"editor\",\"claim\",\"agreement\",\"researcher\",\"concept\",\"band\",\"restaurant\",\"league\",\"capital\",\"april\",\"magazine\",\"status\",\"hill\",\"kitchen\",\"screen\",\"mistake\",\"battle\",\"spot\",\"corner\",\"target\",\"driver\",\"beginning\",\"religion\",\"crisis\",\"museum\",\"communication\",\"object\",\"blog\",\"return\",\"belief\",\"block\",\"debt\",\"labor\",\"understanding\",\"neighborhood\",\"contract\",\"middle\",\"species\",\"sample\",\"path\",\"apple\",\"library\",\"prison\",\"attempt\",\"code\",\"sales\",\"gift\",\"increase\",\"garden\",\"lake\",\"turn\",\"plane\",\"vehicle\",\"application\",\"thousand\",\"coffee\",\"file\",\"reform\",\"gold\",\"planet\",\"location\",\"bird\",\"principle\",\"search\",\"possibility\",\"sky\",\"horse\",\"advantage\",\"basis\",\"context\",\"christmas\",\"strength\",\"move\",\"monday\",\"mean\",\"beach\",\"survey\",\"writing\",\"master\",\"scale\",\"resident\",\"football\",\"reporter\",\"one\",\"vision\",\"function\",\"human\",\"will\",\"connection\",\"camp\",\"stone\",\"hundred\",\"key\",\"truck\",\"afternoon\",\"secretary\",\"conflict\",\"learning\",\"share\",\"newspaper\",\"foundation\",\"variety\",\"perspective\",\"document\",\"presence\",\"lesson\",\"crowd\",\"apartment\",\"guest\",\"soul\",\"protection\",\"intelligence\",\"border\",\"reading\",\"leadership\",\"chief\",\"attitude\",\"start\",\"website\",\"distance\",\"climate\",\"relation\",\"flight\",\"boat\",\"aspect\",\"january\",\"volume\",\"theater\",\"speed\",\"identity\",\"demand\",\"guard\",\"tuesday\",\"facility\",\"farm\",\"fun\",\"august\",\"link\",\"shoe\",\"institute\",\"living\",\"quarter\",\"forest\",\"poll\",\"background\",\"winter\",\"focus\",\"shop\",\"division\",\"advice\",\"reaction\",\"injury\",\"it\",\"ticket\",\"grade\",\"birth\",\"painting\",\"outcome\",\"damage\",\"being\",\"storm\",\"shape\",\"bowl\",\"commission\",\"captain\",\"ear\",\"troop\",\"wood\",\"lead\",\"minister\",\"neighbor\",\"software\",\"finding\",\"lord\",\"drive\",\"temperature\",\"cut\",\"influence\",\"procedure\",\"respect\",\"wave\",\"tradition\",\"actor\",\"cat\",\"bus\",\"clothes\",\"affair\",\"contact\",\"category\",\"topic\",\"victory\",\"map\",\"egg\",\"general\",\"expression\",\"session\",\"competition\",\"technique\",\"average\",\"wine\",\"youth\",\"weather\",\"medicine\",\"novel\",\"thursday\",\"exchange\",\"bay\",\"conclusion\",\"progress\",\"surprise\",\"assessment\",\"smile\",\"cash\",\"pound\",\"pair\",\"loan\",\"village\",\"half\",\"suit\",\"meaning\",\"supply\",\"honey\",\"bone\",\"consequence\",\"regulation\",\"award\",\"bottom\",\"classroom\",\"reference\",\"lunch\",\"ad\",\"instruction\",\"emergency\",\"thinking\",\"tour\",\"moon\",\"address\",\"december\",\"chicken\",\"fuel\",\"construction\",\"wednesday\",\"intervention\",\"visit\",\"coast\",\"cover\",\"cop\",\"baseball\",\"email\",\"accident\",\"front\",\"duty\",\"revenue\",\"trend\",\"ring\",\"breath\",\"inch\",\"neck\",\"core\",\"billion\",\"miss\",\"drink\",\"literature\",\"mayor\",\"importance\",\"danger\",\"knee\",\"traffic\",\"train\",\"plate\",\"equipment\",\"studio\",\"secret\",\"engine\",\"luck\",\"panel\",\"hero\",\"circle\",\"critic\",\"episode\",\"check\",\"requirement\",\"politician\",\"rain\",\"colleague\",\"beer\",\"exercise\",\"democracy\",\"setting\",\"honor\",\"works\",\"theme\",\"male\",\"pool\",\"pocket\",\"sugar\",\"teaching\",\"chairman\",\"error\",\"bridge\",\"flower\",\"universe\",\"limit\",\"coverage\",\"crew\",\"balance\",\"lip\",\"zone\",\"wedding\",\"copy\",\"joke\",\"meal\",\"sight\",\"sleep\",\"dress\",\"release\",\"profit\",\"gender\",\"tape\",\"ocean\",\"host\",\"circumstance\",\"boss\",\"tea\",\"manner\",\"percentage\",\"cloud\",\"winner\",\"sentence\",\"request\",\"appearance\",\"salt\",\"beauty\",\"bottle\",\"component\",\"fee\",\"dance\",\"shirt\",\"tip\",\"plastic\",\"tooth\",\"meat\",\"stress\",\"february\",\"constitution\",\"definition\",\"uncle\",\"metal\",\"album\",\"self\",\"investor\",\"fruit\",\"desk\",\"valley\",\"chapter\",\"commitment\",\"proposal\",\"capacity\",\"nose\",\"variable\",\"convention\",\"jury\",\"root\",\"incident\",\"hearing\",\"payment\",\"bear\",\"surgery\",\"shadow\",\"witness\",\"chest\",\"amendment\",\"extent\",\"pleasure\",\"holiday\",\"talent\",\"expectation\",\"ride\",\"wing\",\"corporation\",\"sector\",\"experiment\",\"farmer\",\"english\",\"confidence\",\"bunch\",\"speaker\",\"contribution\",\"leaf\",\"interaction\",\"hat\",\"doubt\",\"promise\",\"nurse\",\"gene\",\"package\",\"difficulty\",\"daddy\",\"era\",\"aid\",\"notion\",\"explanation\",\"airport\",\"chain\",\"channel\",\"tear\",\"estate\",\"offer\",\"guide\",\"bond\",\"birthday\",\"travel\",\"improvement\",\"trail\",\"fashion\",\"length\",\"sheet\",\"funding\",\"fault\",\"motion\",\"combination\",\"description\",\"snow\",\"marketing\",\"muscle\",\"rise\",\"creation\",\"spending\",\"instrument\",\"mass\",\"noise\",\"e-mail\",\"cycle\",\"signal\",\"app\",\"perception\",\"visitor\",\"contrast\",\"judgment\",\"representative\",\"pass\",\"regime\",\"producer\",\"route\",\"lie\",\"analyst\",\"female\",\"disability\",\"comparison\",\"rating\",\"campus\",\"branch\",\"gentleman\",\"opposition\",\"hit\",\"athlete\",\"opening\",\"prayer\",\"basketball\",\"revolution\",\"emotion\",\"platform\",\"frame\",\"appeal\",\"potential\",\"struggle\",\"brand\",\"legislation\",\"lab\",\"row\",\"immigration\",\"asset\",\"observation\",\"taste\",\"household\",\"existence\",\"mirror\",\"pilot\",\"stand\",\"relief\",\"milk\",\"warning\",\"heaven\",\"flow\",\"calorie\",\"seed\",\"bike\",\"employer\",\"disaster\",\"sale\",\"bathroom\",\"agenda\",\"enforcement\",\"diet\",\"mark\",\"silence\",\"journalist\",\"queen\",\"expense\",\"cream\",\"exposure\",\"priority\",\"soil\",\"angel\",\"journey\",\"trust\",\"tank\",\"cheese\",\"schedule\",\"bedroom\",\"tone\",\"selection\",\"wheel\",\"gap\",\"veteran\",\"characteristic\",\"protein\",\"resolution\",\"whole\",\"engineer\",\"walk\",\"dish\",\"waste\",\"print\",\"depression\",\"dude\",\"present\",\"ceo\",\"initiative\",\"gate\",\"entry\",\"assistance\",\"height\",\"phase\",\"criticism\",\"faculty\",\"achievement\",\"alcohol\",\"therapy\",\"offense\",\"touch\",\"personality\",\"landscape\",\"transition\",\"column\",\"button\",\"opponent\",\"immigrant\",\"distribution\",\"golf\",\"alternative\",\"favorite\",\"stop\",\"portion\",\"deficit\",\"symptom\",\"complaint\",\"supporter\",\"philosophy\",\"childhood\",\"well\",\"dark\",\"wealth\",\"prosecutor\",\"shift\",\"buck\",\"display\",\"round\",\"tech\",\"detective\",\"disorder\",\"creature\",\"housing\",\"watch\",\"chip\",\"tie\",\"command\",\"layer\",\"bread\",\"exception\",\"passion\",\"highway\",\"commander\",\"publication\",\"win\",\"mystery\",\"championship\",\"tale\",\"liberty\",\"passenger\",\"physician\",\"graduate\",\"substance\",\"atmosphere\",\"passage\",\"pepper\",\"cable\",\"square\",\"recipe\",\"roof\",\"vegetable\",\"habit\",\"discovery\",\"total\",\"recovery\",\"dna\",\"gain\",\"territory\",\"girlfriend\",\"proof\",\"parking\",\"sin\",\"rice\",\"engineering\",\"advance\",\"cake\",\"flag\",\"good\",\"jail\",\"match\",\"interpretation\",\"wage\",\"breakfast\",\"profile\",\"saving\",\"reduction\",\"entertainment\",\"academy\",\"teaspoon\",\"ally\",\"count\",\"avenue\",\"priest\",\"employment\",\"grass\",\"scholar\",\"edition\",\"infection\",\"suggestion\",\"resistance\",\"prince\",\"illness\",\"republic\",\"volunteer\",\"evaluation\",\"mine\",\"iron\",\"phrase\",\"assumption\",\"sand\",\"designer\",\"planning\",\"mode\",\"occasion\",\"festival\",\"cap\",\"mechanism\",\"intention\",\"scenario\",\"transportation\",\"boyfriend\",\"consideration\",\"retirement\",\"factory\",\"clip\",\"giant\",\"wonder\",\"participation\",\"stream\",\"origin\",\"teen\",\"coat\",\"tower\",\"license\",\"twitter\",\"curriculum\",\"mail\",\"estimate\",\"insight\",\"investigator\",\"virus\",\"hurricane\",\"provision\",\"strike\",\"cross\",\"jacket\",\"green\",\"pay\",\"implication\",\"fiction\",\"protest\",\"mama\",\"twin\",\"pant\",\"shock\",\"criteria\",\"toy\",\"peak\",\"anger\",\"boot\",\"peer\",\"math\",\"favor\",\"dust\",\"aunt\",\"prospect\",\"mood\",\"settlement\",\"depth\",\"juice\",\"gallery\",\"tension\",\"throat\",\"draft\",\"reputation\",\"index\",\"mess\",\"joy\",\"steel\",\"motor\",\"enterprise\",\"salary\",\"cousin\",\"dozen\",\"evolution\",\"fishing\",\"anxiety\",\"professional\",\"carbon\",\"essay\",\"drama\",\"stranger\",\"belt\",\"formula\",\"potato\",\"monster\",\"smoke\",\"telephone\",\"palm\",\"jet\",\"navy\",\"plot\",\"angle\",\"prisoner\",\"discipline\",\"negotiation\",\"butter\",\"desert\",\"prize\",\"bullet\",\"awareness\",\"sequence\",\"drop\",\"pack\",\"provider\",\"activist\",\"poem\",\"vacation\",\"gang\",\"privacy\",\"clock\",\"penalty\",\"stomach\",\"concert\",\"statistics\",\"bureau\",\"wolf\",\"recommendation\",\"maker\",\"impression\",\"battery\",\"narrative\",\"sake\",\"delivery\",\"rep\",\"diversity\",\"string\",\"lawsuit\",\"deputy\",\"buddy\",\"evil\",\"lane\",\"bean\",\"sauce\",\"testing\",\"trick\",\"fantasy\",\"absence\",\"symbol\",\"recognition\",\"tablespoon\",\"arrest\",\"approval\",\"aids\",\"independence\",\"rose\",\"ghost\",\"involvement\",\"wire\",\"mouse\",\"airline\",\"founder\",\"objective\",\"phenomenon\",\"silver\",\"cent\",\"teenager\",\"viewer\",\"chocolate\",\"grandmother\",\"missile\",\"adventure\",\"manufacturer\",\"crop\",\"survival\",\"dimension\",\"roll\",\"darkness\",\"educator\",\"personnel\",\"elite\",\"emphasis\",\"destruction\",\"chart\",\"pace\",\"finance\",\"champion\",\"suspect\",\"barrier\",\"advocate\",\"label\",\"burden\",\"violation\",\"lifetime\",\"routine\",\"presentation\",\"gear\",\"stadium\",\"mortgage\",\"sheriff\",\"clinic\",\"coalition\",\"mix\",\"menu\",\"advertising\",\"arrangement\",\"storage\",\"framework\",\"utility\",\"cookie\",\"worth\",\"forum\",\"alliance\",\"empire\",\"corn\",\"testimony\",\"transfer\",\"stake\",\"tissue\",\"concentration\",\"developer\",\"ballot\",\"chamber\",\"stick\",\"tiger\",\"ratio\",\"lover\",\"expansion\",\"unemployment\",\"pet\",\"laboratory\",\"administrator\",\"quarterback\",\"rocket\",\"preparation\",\"relative\",\"quote\",\"publisher\",\"innovation\",\"nut\",\"fighter\",\"rank\",\"electricity\",\"instance\",\"fortune\",\"variation\",\"laughter\",\"wisdom\",\"correspondent\",\"mixture\",\"assistant\",\"tomato\",\"indian\",\"ingredient\",\"galaxy\",\"scheme\",\"gop\",\"shame\",\"contest\",\"introduction\",\"boundary\",\"tube\",\"chef\",\"load\",\"creek\",\"hip\",\"decline\",\"terrorism\",\"respondent\",\"narrator\",\"voting\",\"assembly\",\"limitation\",\"partnership\",\"representation\",\"hold\",\"ministry\",\"excuse\",\"comedy\",\"purchase\",\"infrastructure\",\"islam\",\"port\",\"fate\",\"dialogue\",\"plus\",\"frequency\",\"tribe\",\"appointment\",\"establishment\",\"shopping\",\"celebrity\",\"congressman\",\"taxpayer\",\"pride\",\"clothing\",\"domain\",\"ceiling\",\"shelter\",\"obligation\",\"shower\",\"musician\",\"dirt\",\"pc\",\"bell\",\"smell\",\"ceremony\",\"clue\",\"guideline\",\"comfort\",\"pregnancy\",\"tourist\",\"incentive\",\"custom\",\"cheek\",\"tournament\",\"satellite\",\"medication\",\"script\",\"psychology\",\"logic\",\"economics\",\"update\",\"beat\",\"charity\",\"fiber\",\"friendship\",\"net\",\"motivation\",\"reserve\",\"observer\",\"humanity\",\"survivor\",\"fence\",\"humor\",\"major\",\"spokesman\",\"extension\",\"historian\",\"chemical\",\"singer\",\"onion\",\"specialist\",\"white\",\"pan\",\"deck\",\"reflection\",\"database\",\"permission\",\"lifestyle\",\"lion\",\"consumption\",\"capability\",\"emission\",\"sidebar\",\"dealer\",\"measurement\",\"adviser\",\"imagination\",\"tragedy\",\"consultant\",\"lieutenant\",\"acre\",\"drawing\",\"scandal\",\"ambassador\",\"bench\",\"counter\",\"odds\",\"rat\",\"horror\",\"prevention\",\"segment\",\"tail\",\"implementation\",\"strip\",\"preference\",\"feedback\",\"health-care\",\"can\",\"buyer\",\"cooperation\",\"profession\",\"photographer\",\"engagement\",\"paint\",\"pitch\",\"salad\",\"stair\",\"notice\",\"grace\",\"divorce\",\"vessel\",\"pig\",\"assignment\",\"distinction\",\"circuit\",\"acid\",\"efficiency\",\"memorial\",\"blue\",\"entity\",\"iphone\",\"punishment\",\"pill\",\"myth\",\"economist\",\"craft\",\"poetry\",\"thread\",\"privilege\",\"coal\",\"fool\",\"cow\",\"pie\",\"resort\",\"legacy\",\"scope\",\"formation\",\"grandfather\",\"wish\",\"margin\",\"wound\",\"exhibition\",\"legislature\",\"portrait\",\"uniform\",\"miracle\",\"harm\",\"tactic\",\"mask\",\"inflation\",\"hunting\",\"final\",\"flesh\",\"fellow\",\"nerve\",\"lung\",\"headline\",\"defendant\",\"pole\",\"entrance\",\"aircraft\",\"cabinet\",\"happiness\",\"admission\",\"correlation\",\"proportion\",\"dispute\",\"candy\",\"reward\",\"counselor\",\"recording\",\"pile\",\"couch\",\"furniture\",\"significance\",\"magic\",\"commissioner\",\"shelf\",\"warrior\",\"physics\",\"garage\",\"flavor\",\"oven\",\"satisfaction\",\"discrimination\",\"recession\",\"allegation\",\"restriction\",\"diamond\",\"conviction\",\"heel\",\"fame\",\"swing\",\"playoff\",\"actress\",\"format\",\"controversy\",\"auto\",\"grant\",\"grocery\",\"headquarters\",\"shade\",\"meter\",\"pipe\",\"celebration\",\"handful\",\"copyright\",\"signature\",\"bishop\",\"soup\",\"carrier\",\"anniversary\",\"pizza\",\"ethics\",\"legend\",\"eagle\",\"scholarship\",\"membership\",\"standing\",\"possession\",\"treaty\",\"consciousness\",\"manufacturing\",\"announcement\",\"makeup\",\"pop\",\"prediction\",\"stability\",\"norm\",\"genius\",\"operator\",\"mall\",\"rumor\",\"poet\",\"tendency\",\"alien\",\"maintenance\",\"courage\",\"principal\",\"vaccine\",\"identification\",\"sandwich\",\"bull\",\"lens\",\"presidency\",\"integrity\",\"bias\",\"hypothesis\",\"nomination\",\"delay\",\"adjustment\",\"sanction\",\"examination\",\"currency\",\"flame\",\"guitar\",\"doctrine\",\"commerce\",\"robot\",\"particle\",\"glove\",\"jazz\",\"infant\",\"summary\",\"server\",\"leather\",\"radiation\",\"composition\",\"discourse\",\"wildlife\",\"soccer\",\"complex\",\"mandate\",\"monitor\",\"nightmare\",\"barrel\",\"globe\",\"feel\",\"gesture\",\"tent\",\"receiver\",\"horizon\",\"diagnosis\",\"gospel\",\"fighting\",\"duck\",\"grain\",\"remark\",\"fabric\",\"civilization\",\"collapse\",\"ma'am\",\"workshop\",\"inquiry\",\"cd\",\"rifle\",\"closet\",\"reporting\",\"curve\",\"patch\",\"touchdown\",\"earnings\",\"hunter\",\"fly\",\"tunnel\",\"corps\",\"weakness\",\"doc\",\"medium\",\"virtue\",\"ounce\",\"confusion\",\"midnight\",\"deer\",\"heritage\",\"summit\",\"sword\",\"telescope\",\"blade\",\"toe\",\"agriculture\",\"dose\",\"prescription\",\"adoption\",\"grave\",\"rope\",\"transaction\",\"lawn\",\"bubble\",\"princess\",\"log\",\"blanket\",\"laugh\",\"kingdom\",\"bug\",\"primary\",\"nominee\",\"transformation\",\"temple\",\"arrival\",\"frustration\",\"demonstration\",\"pollution\",\"poster\",\"nail\",\"cry\",\"guidance\",\"pen\",\"lemon\",\"bankruptcy\",\"invasion\",\"replacement\",\"consensus\",\"kiss\",\"french\",\"hardware\",\"rail\",\"cold\",\"mate\",\"cabin\",\"dining\",\"snake\",\"tobacco\",\"orientation\",\"input\",\"competitor\",\"freshman\",\"donation\",\"donor\",\"ideology\",\"glory\",\"organ\",\"starting\",\"brick\",\"gut\",\"reservation\",\"rebel\",\"oak\",\"instructor\",\"racism\",\"pension\",\"diabetes\",\"cluster\",\"combat\",\"costume\",\"inspiration\",\"orange\",\"cooking\",\"trait\",\"van\",\"garlic\",\"drinking\",\"crystal\",\"stretch\",\"pro\",\"associate\",\"helicopter\",\"counsel\",\"equation\",\"timing\",\"pope\",\"opera\",\"mount\",\"indication\",\"motive\",\"porch\",\"gaze\",\"lap\",\"starter\",\"colonel\",\"beef\",\"thanksgiving\",\"intensity\",\"cave\",\"basement\",\"illustration\",\"essence\",\"container\",\"gym\",\"bat\",\"promotion\",\"uncertainty\",\"ownership\",\"tag\",\"documentary\",\"stem\",\"flood\",\"guilt\",\"inside\",\"alarm\",\"turkey\",\"conduct\",\"fitness\",\"gulf\",\"mommy\",\"sacrifice\",\"spectrum\",\"dragon\",\"bacteria\",\"shore\",\"pastor\",\"cliff\",\"addition\",\"occupation\",\"slice\",\"military\",\"stimulus\",\"patent\",\"powder\",\"chaos\",\"kit\",\"piano\",\"psychologist\",\"elevator\",\"transmission\",\"cowboy\",\"intent\",\"counseling\",\"rhythm\",\"complexity\",\"effectiveness\",\"strain\",\"garbage\",\"venture\",\"lock\",\"aide\",\"rod\",\"t-shirt\",\"civilian\",\"basket\",\"franchise\",\"saint\",\"aim\",\"prosecution\",\"bite\",\"lyrics\",\"compound\",\"architecture\",\"reach\",\"destination\",\"province\",\"sum\",\"lecture\",\"trading\",\"acceptance\",\"revelation\",\"indicator\",\"collaboration\",\"rhetoric\",\"monkey\",\"protocol\",\"finish\",\"jeans\",\"companion\",\"recipient\",\"array\",\"ranch\",\"scout\",\"medal\",\"translation\",\"ski\",\"conservation\",\"habitat\",\"contractor\",\"trailer\",\"pitcher\",\"towel\",\"bonus\",\"genre\",\"caller\",\"exit\",\"pit\",\"cholesterol\",\"advertisement\",\"encounter\",\"expertise\",\"creator\",\"tablet\",\"ruling\",\"launch\",\"warming\",\"equity\",\"classic\",\"pine\",\"surgeon\",\"tennis\",\"suffering\",\"accuracy\",\"literacy\",\"treasury\",\"crown\",\"sergeant\",\"thumb\",\"colony\",\"walking\",\"integration\",\"spouse\",\"excitement\",\"residence\",\"adolescent\",\"doll\",\"oxygen\",\"gravity\",\"palace\",\"cotton\",\"rescue\",\"lawmaker\",\"determination\",\"dynamics\",\"shell\",\"hint\",\"rush\",\"christianity\",\"ban\",\"statute\",\"biology\",\"follower\",\"trap\",\"consent\",\"pump\",\"down\",\"hate\",\"trunk\",\"belly\",\"banking\",\"journalism\",\"flash\",\"obstacle\",\"ridge\",\"apology\",\"tumor\",\"architect\",\"wrist\",\"harbor\",\"realm\",\"bet\",\"inspector\",\"surveillance\",\"trauma\",\"romance\",\"deadline\",\"compensation\",\"insect\",\"output\",\"parliament\",\"suite\",\"separation\",\"eating\",\"equality\",\"probability\",\"acquisition\",\"custody\",\"compromise\",\"trash\",\"earthquake\",\"wake\",\"necessity\",\"parameter\",\"grip\",\"mathematics\",\"hallway\",\"liability\",\"fluid\",\"homeland\",\"exam\",\"anchor\",\"vitamin\",\"mill\",\"processing\",\"sentiment\",\"offering\",\"photography\",\"coin\",\"laptop\",\"goodness\",\"affiliation\",\"bee\",\"blessing\",\"landing\",\"repair\",\"worry\",\"ritual\",\"bath\",\"mud\",\"reminder\",\"slavery\",\"supervisor\",\"quantity\",\"olympics\",\"slope\",\"skirt\",\"outlet\",\"curtain\",\"declaration\",\"switch\",\"calendar\",\"paragraph\",\"quest\",\"flat\",\"entrepreneur\",\"clay\",\"noon\",\"elbow\",\"unity\",\"rent\",\"airplane\",\"portfolio\",\"northwest\",\"sweat\",\"treasure\",\"flour\",\"rally\",\"default\",\"plain\",\"exploration\",\"limb\",\"charter\",\"southwest\",\"escape\",\"arena\",\"witch\",\"courtesy\",\"statue\",\"fist\",\"castle\",\"squad\",\"cruise\",\"embassy\",\"patience\",\"bush\",\"outfit\",\"cage\",\"shark\",\"lobby\",\"sidewalk\",\"runner\",\"ankle\",\"attraction\",\"mercy\",\"tune\",\"dancer\",\"candle\",\"needle\",\"chronicle\",\"suburb\",\"sensor\",\"debut\",\"magnitude\",\"suspicion\",\"icon\",\"grandma\",\"info\",\"jurisdiction\",\"senior\",\"parade\",\"seal\",\"archive\",\"rage\",\"ending\",\"loop\",\"chase\",\"reception\",\"local\",\"premise\",\"whale\",\"credibility\",\"loyalty\",\"tide\",\"traveler\",\"grief\",\"metaphor\",\"skull\",\"pursuit\",\"therapist\",\"backup\",\"workplace\",\"instinct\",\"export\",\"broadcast\",\"pal\",\"density\",\"correction\",\"jump\",\"teammate\",\"brush\",\"corridor\",\"russian\",\"enthusiasm\",\"panic\",\"pad\",\"bid\",\"productivity\",\"guess\",\"defeat\",\"railroad\",\"inspection\",\"cab\",\"nonsense\",\"rider\",\"theology\",\"accent\",\"invitation\",\"reply\",\"liar\",\"registration\",\"handle\",\"momentum\",\"clerk\",\"hockey\",\"laser\",\"proposition\",\"beam\",\"ancestor\",\"creativity\",\"verse\",\"objection\",\"carbohydrate\",\"steam\",\"glance\",\"forehead\",\"slide\",\"sheep\",\"carpet\",\"cloth\",\"interior\",\"running\",\"questionnaire\",\"departure\",\"graph\",\"thief\",\"herb\",\"subsidy\",\"cast\",\"fossil\",\"patrol\",\"pulse\",\"mechanic\",\"cattle\",\"screening\",\"dignity\",\"prophet\",\"commentary\",\"spread\",\"serving\",\"homework\",\"android\",\"alpha\",\"mortality\",\"elephant\",\"continent\",\"attribute\",\"ecosystem\",\"leave\",\"syndrome\",\"minimum\",\"catch\",\"accusation\",\"sock\",\"pickup\",\"shuttle\",\"calculation\",\"jaw\",\"nutrition\",\"mentor\",\"stance\",\"rabbit\",\"pause\",\"dot\",\"contributor\",\"disk\",\"likelihood\",\"sibling\",\"southeast\",\"painter\",\"counterpart\",\"believer\",\"lamp\",\"inmate\",\"trace\",\"filter\",\"pillow\",\"orbit\",\"purse\",\"feed\",\"clause\",\"left\",\"pond\",\"shield\",\"popularity\",\"cartoon\",\"exhibit\",\"sink\",\"graphic\",\"darling\",\"vendor\",\"gathering\",\"fever\",\"arrow\",\"capitalism\",\"kick\",\"fork\",\"meantime\",\"stay\",\"illusion\",\"removal\",\"organism\",\"sculpture\",\"marine\",\"harassment\",\"drum\",\"helmet\",\"certificate\",\"cart\",\"spy\",\"sunlight\",\"rookie\",\"hunger\",\"practitioner\",\"performer\",\"jar\",\"programming\",\"dawn\",\"salmon\",\"census\",\"pick\",\"accomplishment\",\"conscience\",\"molecule\",\"threshold\",\"inventory\",\"transport\",\"ranking\",\"gram\",\"puzzle\",\"envelope\",\"cure\",\"discount\",\"addiction\",\"marker\",\"juror\",\"mention\",\"businessman\",\"premium\",\"retailer\",\"liver\",\"pirate\",\"protester\",\"outlook\",\"elder\",\"gallon\",\"ignorance\",\"chemistry\",\"weed\",\"fraction\",\"cook\",\"conversion\",\"merit\",\"citizenship\",\"coordinator\",\"validity\",\"lightning\",\"turtle\",\"ambition\",\"comic\",\"soap\",\"shortage\",\"booth\",\"diary\",\"transit\",\"publishing\",\"curiosity\",\"grid\",\"bow\",\"disclosure\",\"rival\",\"denial\",\"speculation\",\"sympathy\",\"sodium\",\"ipad\",\"sack\",\"barn\",\"reliability\",\"hormone\",\"footage\",\"alley\",\"ease\",\"cafe\",\"vampire\",\"dessert\",\"well-being\",\"northeast\",\"fleet\",\"availability\",\"compliance\",\"pin\",\"pork\",\"astronomer\",\"like\",\"installation\",\"nest\",\"goat\",\"equivalent\",\"willingness\",\"banker\",\"interval\",\"gasoline\",\"bucket\",\"theft\",\"laundry\",\"constraint\",\"hatred\",\"jewelry\",\"migration\",\"invention\",\"revenge\",\"halloween\",\"sweetheart\",\"defender\",\"peanut\",\"workout\",\"wilderness\",\"backyard\",\"guardian\",\"scripture\",\"midst\",\"sensitivity\",\"trigger\",\"headache\",\"ego\",\"verdict\",\"regard\",\"accountability\",\"critique\",\"aisle\",\"blast\",\"compassion\",\"offender\",\"chunk\",\"appreciation\",\"canvas\",\"punch\",\"proceedings\",\"throne\",\"irony\",\"soda\",\"projection\",\"collector\",\"re-election\",\"disappointment\",\"listener\",\"drawer\",\"heck\",\"ideal\",\"ash\",\"courtroom\",\"stamp\",\"solo\",\"trainer\",\"anytime\",\"morality\",\"pipeline\",\"bride\",\"doorway\",\"interface\",\"learner\",\"casino\",\"placement\",\"cord\",\"conception\",\"flexibility\",\"flaw\",\"locker\",\"twist\",\"spell\",\"plea\",\"import\",\"stack\",\"junk\",\"bicycle\",\"destiny\",\"vice\",\"sphere\",\"sponsor\",\"sunset\",\"accounting\",\"adaptation\",\"ray\",\"emperor\",\"wagon\",\"columnist\",\"jungle\",\"trillion\",\"breeze\",\"blame\",\"venue\",\"riot\",\"isolation\",\"commodity\",\"attendance\",\"tab\",\"dough\",\"streak\",\"silk\",\"similarity\",\"steak\",\"dancing\",\"petition\",\"breathing\",\"balloon\",\"monument\",\"try\",\"cue\",\"sleeve\",\"toll\",\"warrant\",\"tattoo\",\"graduation\",\"casualty\",\"banana\",\"rack\",\"usage\",\"testament\",\"browser\",\"processor\",\"thigh\",\"yield\",\"talking\",\"merchant\",\"quantum\",\"eyebrow\",\"vocabulary\",\"radar\",\"burger\",\"collar\",\"textbook\",\"sensation\",\"charm\",\"hammer\",\"keyboard\",\"wheat\",\"predator\"]"},{"Description":"sudo1","Type":"Recipient","Field":"sudo1","VariableType":"String","DataVisibility":[],"AnalyzeText":false},{"Description":"sudo2","Type":"Recipient","Field":"sudo2","VariableType":"String","DataVisibility":[],"AnalyzeText":false}]},{"Type":"Block","ID":"BL_0SXyZUdZpcNPIaO","FlowID":"FL_2","Autofill":[]}],"Properties":{"Count":4,"RemovedFieldsets":[]}}},{"SurveyID":"SV_9vNyuL3DXxPhi3Y","Element":"SO","PrimaryAttribute":"Survey Options","SecondaryAttribute":null,"TertiaryAttribute":null,"Payload":{"BackButton":"true","SaveAndContinue":"true","SurveyProtection":"PublicSurvey","BallotBoxStuffingPrevention":"false","NoIndex":"Yes","SecureResponseFiles":"true","SurveyExpiration":null,"SurveyTermination":"DefaultMessage","Header":"","Footer":"","ProgressBarDisplay":"None","PartialData":"+1 week","ValidationMessage":null,"PreviousButton":" \u2190 ","NextButton":" \u2192 ","SurveyTitle":"Online Survey Software | Qualtrics Survey Solutions","SkinLibrary":"insead","SkinType":"MQ","Skin":"insead4_2018_header","NewScoring":1,"ProtectSelectionIds":true,"EOSMessage":"","ShowExportTags":"false","CollectGeoLocation":"false","SurveyMetaDescription":"The most powerful, simple and trusted way to gather experience data. Start your journey to experience management and try a free account today.","PasswordProtection":"No","AnonymizeResponse":"No","Password":"","RefererCheck":"No","RefererURL":"http:\/\/","UseCustomSurveyLinkCompletedMessage":null,"SurveyLinkCompletedMessage":"","SurveyLinkCompletedMessageLibrary":"","ResponseSummary":"No","EOSMessageLibrary":"","EOSRedirectURL":"https:\/\/","EmailThankYou":"false","ThankYouEmailMessageLibrary":null,"ThankYouEmailMessage":null,"ValidateMessage":"false","ValidationMessageLibrary":null,"InactiveSurvey":"DefaultMessage","PartialDeletion":null,"PartialDataCloseAfter":"LastActivity","ActiveResponseSet":null,"InactiveMessageLibrary":"","InactiveMessage":"","AvailableLanguages":{"EN":[]}}},{"SurveyID":"SV_9vNyuL3DXxPhi3Y","Element":"SCO","PrimaryAttribute":"Scoring","SecondaryAttribute":null,"TertiaryAttribute":null,"Payload":{"ScoringCategories":[],"ScoringCategoryGroups":[],"ScoringSummaryCategory":null,"ScoringSummaryAfterQuestions":0,"ScoringSummaryAfterSurvey":0,"DefaultScoringCategory":null,"AutoScoringCategory":null}},{"SurveyID":"SV_9vNyuL3DXxPhi3Y","Element":"PROJ","PrimaryAttribute":"CORE","SecondaryAttribute":null,"TertiaryAttribute":"1.1.0","Payload":{"ProjectCategory":"CORE","SchemaVersion":"1.1.0"}},{"SurveyID":"SV_9vNyuL3DXxPhi3Y","Element":"STAT","PrimaryAttribute":"Survey Statistics","SecondaryAttribute":null,"TertiaryAttribute":null,"Payload":{"MobileCompatible":true,"ID":"Survey Statistics"}},{"SurveyID":"SV_9vNyuL3DXxPhi3Y","Element":"QC","PrimaryAttribute":"Survey Question Count","SecondaryAttribute":"10","TertiaryAttribute":null,"Payload":null},{"SurveyID":"SV_9vNyuL3DXxPhi3Y","Element":"SQ","PrimaryAttribute":"QID8","SecondaryAttribute":"\u00a0 When I discuss this network in class, I may label everyone with a pseudonym (of your choice), s..","TertiaryAttribute":null,"Payload":{"QuestionText":"<div><img src=\"https:\/\/insead.eu.qualtrics.com\/CP\/Graphic.php?IM=IM_bBJCjgrIv1O5X26\" style=\"width: 309px; height: 250px;\"><\/div>\n\n<div>&nbsp;<\/div>\nWhen I discuss this network in class, I may label everyone with a pseudonym (of your choice), so that you can find yourself without others identifying you.\n\n<div>&nbsp;<\/div>\n\n<div>I recommend something that others can't connect to you (e.g. NOT your initials, or your birthday). Here are two random suggestions:&nbsp;<em>${e:\/\/Field\/sudo1}<\/em> or <em>${e:\/\/Field\/sudo2}<\/em>.\n\n<div><br>\nEnter a pseudonym below, and write it down for class (or just leave it blank):<\/div>\n<\/div>","DefaultChoices":false,"DataExportTag":"pseudonym","QuestionID":"QID8","QuestionType":"TE","Selector":"SL","DataVisibility":{"Private":false,"Hidden":false},"Configuration":{"QuestionDescriptionOption":"UseText"},"QuestionDescription":"\u00a0 When I discuss this network in class, I may label everyone with a pseudonym (of your choice), s...","Validation":{"Settings":{"ForceResponse":"OFF","ForceResponseType":"ON","Type":"None"}},"GradingData":[],"Language":[],"NextChoiceId":4,"NextAnswerId":1,"SearchSource":{"AllowFreeResponse":"false"}}},{"SurveyID":"SV_9vNyuL3DXxPhi3Y","Element":"SQ","PrimaryAttribute":"QID9","SecondaryAttribute":"Click to write the question text","TertiaryAttribute":null,"Payload":{"QuestionText":"Click to write the question text","DefaultChoices":false,"DataExportTag":"meta","QuestionType":"Meta","Selector":"Browser","Configuration":{"QuestionDescriptionOption":"UseText"},"QuestionDescription":"Click to write the question text","Choices":{"1":{"Display":"Browser","TextEntry":1},"2":{"Display":"Version","TextEntry":1},"3":{"Display":"Operating System","TextEntry":1},"4":{"Display":"Screen Resolution","TextEntry":1},"5":{"Display":"Flash Version","TextEntry":1},"6":{"Display":"Java Support","TextEntry":1},"7":{"Display":"User Agent","TextEntry":1}},"GradingData":[],"Language":[],"NextChoiceId":4,"NextAnswerId":1,"QuestionID":"QID9","QuestionJS":"Qualtrics.SurveyEngine.addOnload(function()\n{\n\t\/*Place your JavaScript here to run when the page loads*\/\n    var words = JSON.parse(Qualtrics.SurveyEngine.getEmbeddedData(\"wordlist\"));\n\tfunction rword() {\n\t\treturn words[Math.floor(Math.random() * words.length)];\n\t}\n\tfunction sudo() {\n\t\treturn rword() + \"-\" + rword();\n\t}\n\tQualtrics.SurveyEngine.setEmbeddedData(\"sudo1\", sudo());\n\tQualtrics.SurveyEngine.setEmbeddedData(\"sudo2\", sudo());\n\t\/\/ wipe wordlist from exportded data\n\tQualtrics.SurveyEngine.setEmbeddedData(\"wordlist\", \"\");\n});\n\nQualtrics.SurveyEngine.addOnReady(function()\n{\n\t\/*Place your JavaScript here to run when the page is fully displayed*\/\n\n});\n\nQualtrics.SurveyEngine.addOnUnload(function()\n{\n\t\/*Place your JavaScript here to run when the page is unloaded*\/\n\n});","DataVisibility":{"Private":false,"Hidden":false}}},{"SurveyID":"SV_9vNyuL3DXxPhi3Y","Element":"RS","PrimaryAttribute":"RS_e9aSItoECYj2D1c","SecondaryAttribute":"Default Response Set","TertiaryAttribute":null,"Payload":null},{"SurveyID":"SV_9vNyuL3DXxPhi3Y","Element":"SQ","PrimaryAttribute":"QID6","SecondaryAttribute":"First Name","TertiaryAttribute":null,"Payload":{"QuestionText":"First Name","DefaultChoices":false,"DataExportTag":"firstname","QuestionID":"QID6","QuestionType":"TE","Selector":"SL","DataVisibility":{"Private":false,"Hidden":false},"Configuration":{"QuestionDescriptionOption":"UseText"},"QuestionDescription":"First Name","Validation":{"Settings":{"ForceResponse":"OFF","ForceResponseType":"ON","Type":"None"}},"GradingData":[],"Language":[],"NextChoiceId":4,"NextAnswerId":1,"SearchSource":{"AllowFreeResponse":"false"}}},{"SurveyID":"SV_9vNyuL3DXxPhi3Y","Element":"SQ","PrimaryAttribute":"QID7","SecondaryAttribute":"Last Name","TertiaryAttribute":null,"Payload":{"QuestionText":"Last Name","DefaultChoices":false,"DataExportTag":"lastname","QuestionType":"TE","Selector":"SL","Configuration":{"QuestionDescriptionOption":"UseText"},"QuestionDescription":"Last Name","Validation":{"Settings":{"ForceResponse":"OFF","ForceResponseType":"ON","Type":"None"}},"GradingData":[],"Language":[],"NextChoiceId":4,"NextAnswerId":1,"SearchSource":{"AllowFreeResponse":"false"},"QuestionID":"QID7"}},{"SurveyID":"SV_9vNyuL3DXxPhi3Y","Element":"SQ","PrimaryAttribute":"QID1","SecondaryAttribute":"Please select anyone that you've turned to for\u00a0advice\u00a0or for\u00a0support:","TertiaryAttribute":null,"Payload":{"QuestionText":"Please select anyone that you've turned to for&nbsp;<u><strong>advice<\/strong><\/u>&nbsp;or for&nbsp;<u><strong>support<\/strong><\/u>:","DefaultChoices":false,"DataExportTag":"network","QuestionID":"QID1","QuestionType":"Matrix","Selector":"Likert","SubSelector":"MultipleAnswer","DataVisibility":{"Private":false,"Hidden":false},"Configuration":{"QuestionDescriptionOption":"UseText","TextPosition":"inline","ChoiceColumnWidth":25,"RepeatHeaders":"middle","WhiteSpace":"OFF","MobileFirst":true},"QuestionDescription":"Please select anyone that you've turned to for\u00a0advice\u00a0or for\u00a0support:","Choices":{"35":{"Display":"Click to write Statement 1"}},"ChoiceOrder":["35"],"Validation":{"Settings":{"ForceResponse":"OFF","ForceResponseType":"RequestResponse","Type":"None"}},"GradingData":[],"Language":[],"NextChoiceId":36,"NextAnswerId":3,"Answers":{"1":{"Display":"Advice"},"2":{"Display":"Support"}},"AnswerOrder":[1,2],"ChoiceDataExportTags":false}},{"SurveyID":"SV_9vNyuL3DXxPhi3Y","Element":"SQ","PrimaryAttribute":"QID5","SecondaryAttribute":"The goal of this survey is to provide a hands-on experience with social network analysis by creat...","TertiaryAttribute":null,"Payload":{"QuestionText":"The goal of this survey is to provide a hands-on experience with social network analysis by creating a map of your section's social network. It will take just a few minutes to fill out. We will ask you about two kinds of relationships that you have with your classmates:\n<div>\n<div>&nbsp;<\/div>\n\n<div><u><strong>Advice<\/strong><\/u>: During your time in the program, is there anyone in the section from whom you have regularly sought information and advice?<\/div>\n\n<div>&nbsp;<\/div>\n\n<div><u><strong>Support<\/strong><\/u>: During your time in the program, is there anyone in the section whom you regard as a source of social support\u2013that is, someone with whom you are comfortable discussing sensitive matters?<\/div>\n<\/div>\n\n<div>&nbsp;<\/div>\n\n<div><strong>This information will not be shared with anyone outside of the section and your personal responses will be kept anonymous\u2013unless you are willing to have your name appear on the network map (see below).<\/strong><\/div>","DefaultChoices":false,"DataExportTag":"description","QuestionType":"DB","Selector":"TB","Configuration":{"QuestionDescriptionOption":"UseText"},"QuestionDescription":"The goal of this survey is to provide a hands-on experience with social network analysis by creat...","ChoiceOrder":[],"Validation":{"Settings":{"Type":"None"}},"GradingData":[],"Language":[],"NextChoiceId":4,"NextAnswerId":1,"QuestionID":"QID5","DataVisibility":{"Private":false,"Hidden":false}}},{"SurveyID":"SV_9vNyuL3DXxPhi3Y","Element":"SQ","PrimaryAttribute":"QID2","SecondaryAttribute":"When I discuss this network in class, I may want to highlight the positions of a few individual s...","TertiaryAttribute":null,"Payload":{"QuestionText":"<img src=\"https:\/\/insead.eu.qualtrics.com\/CP\/Graphic.php?IM=IM_0whuMl0pXM5Emma\" style=\"width: 400px; height: 288px;\"><br>\n<br>\nWhen I discuss this network in class, I may want to highlight the positions of a few individual students in the network.<div><br><\/div><div>Do you agree to let your name appear on the network map (this is 100% optional, of course)?\n<div>&nbsp;<\/div><\/div>","DataExportTag":"consent","QuestionType":"MC","Selector":"SAVR","SubSelector":"TX","Configuration":{"QuestionDescriptionOption":"UseText"},"QuestionDescription":"When I discuss this network in class, I may want to highlight the positions of a few individual s...","Choices":{"1":{"Display":"I agree"},"2":{"Display":"I do not agree"}},"ChoiceOrder":["1","2"],"Validation":{"Settings":{"ForceResponse":"ON","ForceResponseType":"ON","Type":"None"}},"Language":[],"NextChoiceId":4,"NextAnswerId":1,"QuestionID":"QID2","DataVisibility":{"Private":false,"Hidden":false}}},{"SurveyID":"SV_9vNyuL3DXxPhi3Y","Element":"SQ","PrimaryAttribute":"QID10","SecondaryAttribute":"You're almost done! I'll ask you about anonymity on the next page.","TertiaryAttribute":null,"Payload":{"QuestionText":"You're almost done! I'll ask you about anonymity on the next page.","DefaultChoices":false,"DataExportTag":"Q8","QuestionType":"DB","Selector":"TB","Configuration":{"QuestionDescriptionOption":"UseText"},"QuestionDescription":"You're almost done! I'll ask you about anonymity on the next page.","ChoiceOrder":[],"Validation":{"Settings":{"Type":"None"}},"GradingData":[],"Language":[],"NextChoiceId":4,"NextAnswerId":1,"QuestionID":"QID10"}}]}